
Microsoft Visual Studio Solution File, Format Version 12.00
# Visual Studio Version 17
VisualStudioVersion = 17.0.31903.59
MinimumVisualStudioVersion = 10.0.40219.1
Project("{2150E333-8FDC-42A3-9474-1A3956D46DE8}") = "src", "src", "{7E6A16B4-6306-4BC9-B096-2FB46A0CE4FC}"
EndProject
Project("{FAE04EC0-301F-11D3-BF4B-00C04F79EFBC}") = "Daf.Xmas.Historian.Domain", "src\Daf.Xmas.Historian.Domain\Daf.Xmas.Historian.Domain.csproj", "{2E53689F-632A-4AFB-83AE-6158C2F2C542}"
EndProject
Project("{2150E333-8FDC-42A3-9474-1A3956D46DE8}") = "tests", "tests", "{C5A470A5-4161-4904-B960-DC09D65190B2}"
EndProject
Project("{FAE04EC0-301F-11D3-BF4B-00C04F79EFBC}") = "Daf.Xmas.Historian.Domain.Tests", "tests\Daf.Xmas.Historian.Domain.Tests\Daf.Xmas.Historian.Domain.Tests.csproj", "{8A44625B-C026-4FCE-A2D0-1D4251342B54}"
EndProject
Project("{FAE04EC0-301F-11D3-BF4B-00C04F79EFBC}") = "Daf.Xmas.Historian.Infra", "src\Daf.Xmas.Historian.Infra\Daf.Xmas.Historian.Infra.csproj", "{1CACF098-ACD5-4C78-857E-50D9B10AA325}"
EndProject
Project("{FAE04EC0-301F-11D3-BF4B-00C04F79EFBC}") = "Daf.Xmas.Historian.Infra.Tests", "tests\Daf.Xmas.Historian.Infra.Tests\Daf.Xmas.Historian.Infra.Tests.csproj", "{D8A4E2DB-972C-4CE3-A5E6-CE95A5F3B978}"
EndProject
Project("{FAE04EC0-301F-11D3-BF4B-00C04F79EFBC}") = "Daf.Xmas.Historian.Application", "src\Daf.Xmas.Historian.Application\Daf.Xmas.Historian.Application.csproj", "{7515C269-3E1D-49B6-9E25-4D8797CD3211}"
EndProject
Project("{2150E333-8FDC-42A3-9474-1A3956D46DE8}") = "Historian", "Historian", "{963A2701-9E48-43DA-86CE-E03E9E6E983D}"
EndProject
Project("{2150E333-8FDC-42A3-9474-1A3956D46DE8}") = "Historian", "Historian", "{E7C30852-342B-40F4-8DAA-6F0B4D5BEF4A}"
EndProject
Project("{2150E333-8FDC-42A3-9474-1A3956D46DE8}") = "RedNose", "RedNose", "{730BBAC5-591D-49CC-A5D8-C49072A454B5}"
EndProject
Project("{2150E333-8FDC-42A3-9474-1A3956D46DE8}") = "RedNose", "RedNose", "{58BD820E-1F97-47CE-A5FA-AD7DDF55E6A6}"
EndProject
Project("{FAE04EC0-301F-11D3-BF4B-00C04F79EFBC}") = "Daf.Xmas.RedNose.Domain", "src\RedNose\Daf.Xmas.RedNose.Domain\Daf.Xmas.RedNose.Domain.csproj", "{0AFBBAEF-ED88-4C31-810C-E0408FBEF8E9}"
EndProject
Project("{FAE04EC0-301F-11D3-BF4B-00C04F79EFBC}") = "Daf.Xmas.RedNose.Domain.Tests", "tests\RedNose\Daf.Xmas.RedNose.Domain.Tests\Daf.Xmas.RedNose.Domain.Tests.csproj", "{68AA07DB-2919-455F-87BA-FF6550147C2E}"
EndProject
Project("{FAE04EC0-301F-11D3-BF4B-00C04F79EFBC}") = "Daf.Xmas.RedNose.Infra.Tests", "tests\RedNose\Daf.Xmas.RedNose.Infra.Tests\Daf.Xmas.RedNose.Infra.Tests.csproj", "{C953CD9D-9A82-4F13-BF1B-887383B15B72}"
EndProject
Project("{FAE04EC0-301F-11D3-BF4B-00C04F79EFBC}") = "Daf.Xmas.RedNose.Infra", "src\RedNose\Daf.Xmas.RedNose.Infra\Daf.Xmas.RedNose.Infra.csproj", "{8F9D4CE9-8800-43AC-824F-A108BFC92E2D}"
EndProject
Project("{FAE04EC0-301F-11D3-BF4B-00C04F79EFBC}") = "Daf.Xmas.RedNose.Application", "src\RedNose\Daf.Xmas.RedNose.Application\Daf.Xmas.RedNose.Application.csproj", "{FC50E991-2014-4ED7-9D1F-8693D40D62A7}"
EndProject
Project("{2150E333-8FDC-42A3-9474-1A3956D46DE8}") = "CorruptedMul", "CorruptedMul", "{76846E7D-C76C-4BCB-9592-90515B3A22BB}"
EndProject
Project("{FAE04EC0-301F-11D3-BF4B-00C04F79EFBC}") = "Daf.Xmas.CorruptedMul.Domain", "src\CorruptedMul\Daf.Xmas.CorruptedMul.Domain\Daf.Xmas.CorruptedMul.Domain.csproj", "{3602182F-C9D4-433C-9563-F59CBC114A2F}"
EndProject
Project("{FAE04EC0-301F-11D3-BF4B-00C04F79EFBC}") = "Daf.Xmas.CorruptedMul.Application", "src\CorruptedMul\Daf.Xmas.CorruptedMul.Application\Daf.Xmas.CorruptedMul.Application.csproj", "{4ECDA06B-3F03-47D4-A6E8-10CDA55D9B3D}"
EndProject
Project("{FAE04EC0-301F-11D3-BF4B-00C04F79EFBC}") = "Daf.Xmas.CorruptedMul.Infra", "src\CorruptedMul\Daf.Xmas.CorruptedMul.Infra\Daf.Xmas.CorruptedMul.Infra.csproj", "{A5F0E09F-D874-4867-AA05-4BBE7D285888}"
EndProject
Project("{2150E333-8FDC-42A3-9474-1A3956D46DE8}") = "CorruptedMul", "CorruptedMul", "{D91EFE32-109A-499B-A1B4-80BF534396F0}"
EndProject
Project("{FAE04EC0-301F-11D3-BF4B-00C04F79EFBC}") = "Daf.Xmas.CorruptedMul.Domain.Tests", "tests\CorruptedMul\Daf.Xmas.CorruptedMul.Domain.Tests\Daf.Xmas.CorruptedMul.Domain.Tests.csproj", "{EFC0D4E7-3D01-4784-8F02-4414208B1B2A}"
EndProject
Project("{FAE04EC0-301F-11D3-BF4B-00C04F79EFBC}") = "Daf.Xmas.CorruptedMul.Infra.Tests", "tests\CorruptedMul\Daf.Xmas.CorruptedMul.Infra.Tests\Daf.Xmas.CorruptedMul.Infra.Tests.csproj", "{31AC5B7D-A918-4A3A-A5DD-60D68E9DE65E}"
EndProject
Global
	GlobalSection(SolutionConfigurationPlatforms) = preSolution
		Debug|Any CPU = Debug|Any CPU
		Release|Any CPU = Release|Any CPU
	EndGlobalSection
	GlobalSection(SolutionProperties) = preSolution
		HideSolutionNode = FALSE
	EndGlobalSection
	GlobalSection(ProjectConfigurationPlatforms) = postSolution
		{2E53689F-632A-4AFB-83AE-6158C2F2C542}.Debug|Any CPU.ActiveCfg = Debug|Any CPU
		{2E53689F-632A-4AFB-83AE-6158C2F2C542}.Debug|Any CPU.Build.0 = Debug|Any CPU
		{2E53689F-632A-4AFB-83AE-6158C2F2C542}.Release|Any CPU.ActiveCfg = Release|Any CPU
		{2E53689F-632A-4AFB-83AE-6158C2F2C542}.Release|Any CPU.Build.0 = Release|Any CPU
		{8A44625B-C026-4FCE-A2D0-1D4251342B54}.Debug|Any CPU.ActiveCfg = Debug|Any CPU
		{8A44625B-C026-4FCE-A2D0-1D4251342B54}.Debug|Any CPU.Build.0 = Debug|Any CPU
		{8A44625B-C026-4FCE-A2D0-1D4251342B54}.Release|Any CPU.ActiveCfg = Release|Any CPU
		{8A44625B-C026-4FCE-A2D0-1D4251342B54}.Release|Any CPU.Build.0 = Release|Any CPU
		{1CACF098-ACD5-4C78-857E-50D9B10AA325}.Debug|Any CPU.ActiveCfg = Debug|Any CPU
		{1CACF098-ACD5-4C78-857E-50D9B10AA325}.Debug|Any CPU.Build.0 = Debug|Any CPU
		{1CACF098-ACD5-4C78-857E-50D9B10AA325}.Release|Any CPU.ActiveCfg = Release|Any CPU
		{1CACF098-ACD5-4C78-857E-50D9B10AA325}.Release|Any CPU.Build.0 = Release|Any CPU
		{D8A4E2DB-972C-4CE3-A5E6-CE95A5F3B978}.Debug|Any CPU.ActiveCfg = Debug|Any CPU
		{D8A4E2DB-972C-4CE3-A5E6-CE95A5F3B978}.Debug|Any CPU.Build.0 = Debug|Any CPU
		{D8A4E2DB-972C-4CE3-A5E6-CE95A5F3B978}.Release|Any CPU.ActiveCfg = Release|Any CPU
		{D8A4E2DB-972C-4CE3-A5E6-CE95A5F3B978}.Release|Any CPU.Build.0 = Release|Any CPU
		{7515C269-3E1D-49B6-9E25-4D8797CD3211}.Debug|Any CPU.ActiveCfg = Debug|Any CPU
		{7515C269-3E1D-49B6-9E25-4D8797CD3211}.Debug|Any CPU.Build.0 = Debug|Any CPU
		{7515C269-3E1D-49B6-9E25-4D8797CD3211}.Release|Any CPU.ActiveCfg = Release|Any CPU
		{7515C269-3E1D-49B6-9E25-4D8797CD3211}.Release|Any CPU.Build.0 = Release|Any CPU
		{0AFBBAEF-ED88-4C31-810C-E0408FBEF8E9}.Debug|Any CPU.ActiveCfg = Debug|Any CPU
		{0AFBBAEF-ED88-4C31-810C-E0408FBEF8E9}.Debug|Any CPU.Build.0 = Debug|Any CPU
		{0AFBBAEF-ED88-4C31-810C-E0408FBEF8E9}.Release|Any CPU.ActiveCfg = Release|Any CPU
		{0AFBBAEF-ED88-4C31-810C-E0408FBEF8E9}.Release|Any CPU.Build.0 = Release|Any CPU
		{68AA07DB-2919-455F-87BA-FF6550147C2E}.Debug|Any CPU.ActiveCfg = Debug|Any CPU
		{68AA07DB-2919-455F-87BA-FF6550147C2E}.Debug|Any CPU.Build.0 = Debug|Any CPU
		{68AA07DB-2919-455F-87BA-FF6550147C2E}.Release|Any CPU.ActiveCfg = Release|Any CPU
		{68AA07DB-2919-455F-87BA-FF6550147C2E}.Release|Any CPU.Build.0 = Release|Any CPU
		{C953CD9D-9A82-4F13-BF1B-887383B15B72}.Debug|Any CPU.ActiveCfg = Debug|Any CPU
		{C953CD9D-9A82-4F13-BF1B-887383B15B72}.Debug|Any CPU.Build.0 = Debug|Any CPU
		{C953CD9D-9A82-4F13-BF1B-887383B15B72}.Release|Any CPU.ActiveCfg = Release|Any CPU
		{C953CD9D-9A82-4F13-BF1B-887383B15B72}.Release|Any CPU.Build.0 = Release|Any CPU
		{8F9D4CE9-8800-43AC-824F-A108BFC92E2D}.Debug|Any CPU.ActiveCfg = Debug|Any CPU
		{8F9D4CE9-8800-43AC-824F-A108BFC92E2D}.Debug|Any CPU.Build.0 = Debug|Any CPU
		{8F9D4CE9-8800-43AC-824F-A108BFC92E2D}.Release|Any CPU.ActiveCfg = Release|Any CPU
		{8F9D4CE9-8800-43AC-824F-A108BFC92E2D}.Release|Any CPU.Build.0 = Release|Any CPU
		{FC50E991-2014-4ED7-9D1F-8693D40D62A7}.Debug|Any CPU.ActiveCfg = Debug|Any CPU
		{FC50E991-2014-4ED7-9D1F-8693D40D62A7}.Debug|Any CPU.Build.0 = Debug|Any CPU
		{FC50E991-2014-4ED7-9D1F-8693D40D62A7}.Release|Any CPU.ActiveCfg = Release|Any CPU
		{FC50E991-2014-4ED7-9D1F-8693D40D62A7}.Release|Any CPU.Build.0 = Release|Any CPU
		{3602182F-C9D4-433C-9563-F59CBC114A2F}.Debug|Any CPU.ActiveCfg = Debug|Any CPU
		{3602182F-C9D4-433C-9563-F59CBC114A2F}.Debug|Any CPU.Build.0 = Debug|Any CPU
		{3602182F-C9D4-433C-9563-F59CBC114A2F}.Release|Any CPU.ActiveCfg = Release|Any CPU
		{3602182F-C9D4-433C-9563-F59CBC114A2F}.Release|Any CPU.Build.0 = Release|Any CPU
		{4ECDA06B-3F03-47D4-A6E8-10CDA55D9B3D}.Debug|Any CPU.ActiveCfg = Debug|Any CPU
		{4ECDA06B-3F03-47D4-A6E8-10CDA55D9B3D}.Debug|Any CPU.Build.0 = Debug|Any CPU
		{4ECDA06B-3F03-47D4-A6E8-10CDA55D9B3D}.Release|Any CPU.ActiveCfg = Release|Any CPU
		{4ECDA06B-3F03-47D4-A6E8-10CDA55D9B3D}.Release|Any CPU.Build.0 = Release|Any CPU
		{A5F0E09F-D874-4867-AA05-4BBE7D285888}.Debug|Any CPU.ActiveCfg = Debug|Any CPU
		{A5F0E09F-D874-4867-AA05-4BBE7D285888}.Debug|Any CPU.Build.0 = Debug|Any CPU
		{A5F0E09F-D874-4867-AA05-4BBE7D285888}.Release|Any CPU.ActiveCfg = Release|Any CPU
		{A5F0E09F-D874-4867-AA05-4BBE7D285888}.Release|Any CPU.Build.0 = Release|Any CPU
		{EFC0D4E7-3D01-4784-8F02-4414208B1B2A}.Debug|Any CPU.ActiveCfg = Debug|Any CPU
		{EFC0D4E7-3D01-4784-8F02-4414208B1B2A}.Debug|Any CPU.Build.0 = Debug|Any CPU
		{EFC0D4E7-3D01-4784-8F02-4414208B1B2A}.Release|Any CPU.ActiveCfg = Release|Any CPU
		{EFC0D4E7-3D01-4784-8F02-4414208B1B2A}.Release|Any CPU.Build.0 = Release|Any CPU
		{31AC5B7D-A918-4A3A-A5DD-60D68E9DE65E}.Debug|Any CPU.ActiveCfg = Debug|Any CPU
		{31AC5B7D-A918-4A3A-A5DD-60D68E9DE65E}.Debug|Any CPU.Build.0 = Debug|Any CPU
		{31AC5B7D-A918-4A3A-A5DD-60D68E9DE65E}.Release|Any CPU.ActiveCfg = Release|Any CPU
		{31AC5B7D-A918-4A3A-A5DD-60D68E9DE65E}.Release|Any CPU.Build.0 = Release|Any CPU
	EndGlobalSection
	GlobalSection(NestedProjects) = preSolution
		{963A2701-9E48-43DA-86CE-E03E9E6E983D} = {7E6A16B4-6306-4BC9-B096-2FB46A0CE4FC}
		{7515C269-3E1D-49B6-9E25-4D8797CD3211} = {963A2701-9E48-43DA-86CE-E03E9E6E983D}
		{2E53689F-632A-4AFB-83AE-6158C2F2C542} = {963A2701-9E48-43DA-86CE-E03E9E6E983D}
		{1CACF098-ACD5-4C78-857E-50D9B10AA325} = {963A2701-9E48-43DA-86CE-E03E9E6E983D}
		{E7C30852-342B-40F4-8DAA-6F0B4D5BEF4A} = {C5A470A5-4161-4904-B960-DC09D65190B2}
		{8A44625B-C026-4FCE-A2D0-1D4251342B54} = {E7C30852-342B-40F4-8DAA-6F0B4D5BEF4A}
		{D8A4E2DB-972C-4CE3-A5E6-CE95A5F3B978} = {E7C30852-342B-40F4-8DAA-6F0B4D5BEF4A}
		{730BBAC5-591D-49CC-A5D8-C49072A454B5} = {7E6A16B4-6306-4BC9-B096-2FB46A0CE4FC}
		{58BD820E-1F97-47CE-A5FA-AD7DDF55E6A6} = {C5A470A5-4161-4904-B960-DC09D65190B2}
		{0AFBBAEF-ED88-4C31-810C-E0408FBEF8E9} = {730BBAC5-591D-49CC-A5D8-C49072A454B5}
		{68AA07DB-2919-455F-87BA-FF6550147C2E} = {58BD820E-1F97-47CE-A5FA-AD7DDF55E6A6}
		{C953CD9D-9A82-4F13-BF1B-887383B15B72} = {58BD820E-1F97-47CE-A5FA-AD7DDF55E6A6}
		{8F9D4CE9-8800-43AC-824F-A108BFC92E2D} = {730BBAC5-591D-49CC-A5D8-C49072A454B5}
		{FC50E991-2014-4ED7-9D1F-8693D40D62A7} = {730BBAC5-591D-49CC-A5D8-C49072A454B5}
		{76846E7D-C76C-4BCB-9592-90515B3A22BB} = {7E6A16B4-6306-4BC9-B096-2FB46A0CE4FC}
		{3602182F-C9D4-433C-9563-F59CBC114A2F} = {76846E7D-C76C-4BCB-9592-90515B3A22BB}
		{4ECDA06B-3F03-47D4-A6E8-10CDA55D9B3D} = {76846E7D-C76C-4BCB-9592-90515B3A22BB}
		{A5F0E09F-D874-4867-AA05-4BBE7D285888} = {76846E7D-C76C-4BCB-9592-90515B3A22BB}
		{D91EFE32-109A-499B-A1B4-80BF534396F0} = {C5A470A5-4161-4904-B960-DC09D65190B2}
		{EFC0D4E7-3D01-4784-8F02-4414208B1B2A} = {D91EFE32-109A-499B-A1B4-80BF534396F0}
		{31AC5B7D-A918-4A3A-A5DD-60D68E9DE65E} = {D91EFE32-109A-499B-A1B4-80BF534396F0}
	EndGlobalSection
EndGlobal
